// !$*UTF8*$!
{
	archiveVersion = 1;
	classes = {
	};
	objectVersion = 56;
	objects = {

/* Begin PBXBuildFile section */
		616832732AFDC8E800DADE95 /* HomeView.swift in Sources */ = {isa = PBXBuildFile; fileRef = 616832722AFDC8E800DADE95 /* HomeView.swift */; };
		616832752AFDC8F600DADE95 /* HomeViewModel.swift in Sources */ = {isa = PBXBuildFile; fileRef = 616832742AFDC8F600DADE95 /* HomeViewModel.swift */; };
		616832772AFDC90900DADE95 /* HomeModel.swift in Sources */ = {isa = PBXBuildFile; fileRef = 616832762AFDC90900DADE95 /* HomeModel.swift */; };
		616832792AFDC91300DADE95 /* Post.swift in Sources */ = {isa = PBXBuildFile; fileRef = 616832782AFDC91300DADE95 /* Post.swift */; };
		6168327F2AFDCAC100DADE95 /* TabStyleTiktok.swift in Sources */ = {isa = PBXBuildFile; fileRef = 6168327E2AFDCAC100DADE95 /* TabStyleTiktok.swift */; };
		61CE9AA52B02089E001FCF8D /* TabMentoria.swift in Sources */ = {isa = PBXBuildFile; fileRef = 61CE9AA42B02089E001FCF8D /* TabMentoria.swift */; };
		FB0726362B02119400B0ED61 /* InfoUser.swift in Sources */ = {isa = PBXBuildFile; fileRef = FB0726352B02119300B0ED61 /* InfoUser.swift */; };
		FB080F1F2B03719F00910E4A /* conductual.swift in Sources */ = {isa = PBXBuildFile; fileRef = FB080F1E2B03719F00910E4A /* conductual.swift */; };
		FB080F212B0371AE00910E4A /* tecnica.swift in Sources */ = {isa = PBXBuildFile; fileRef = FB080F202B0371AE00910E4A /* tecnica.swift */; };
		FB22E24D2B01CFDB00A0A567 /* ChatMessage.swift in Sources */ = {isa = PBXBuildFile; fileRef = FB22E24C2B01CFDB00A0A567 /* ChatMessage.swift */; };
		FB22E2502B01D03800A0A567 /* ContentViewModel.swift in Sources */ = {isa = PBXBuildFile; fileRef = FB22E24F2B01D03800A0A567 /* ContentViewModel.swift */; };
		FB22E2522B01D04B00A0A567 /* MessageOwner.swift in Sources */ = {isa = PBXBuildFile; fileRef = FB22E2512B01D04B00A0A567 /* MessageOwner.swift */; };
		FB22E2542B01D06300A0A567 /* ChatView.swift in Sources */ = {isa = PBXBuildFile; fileRef = FB22E2532B01D06300A0A567 /* ChatView.swift */; };
		FB22E25A2B01D1B300A0A567 /* ChatGPTSwift in Frameworks */ = {isa = PBXBuildFile; productRef = FB22E2592B01D1B300A0A567 /* ChatGPTSwift */; };
		FB279DA62AFD587800531513 /* Events.swift in Sources */ = {isa = PBXBuildFile; fileRef = FB279DA52AFD587800531513 /* Events.swift */; };
		FB279DA82AFD590000531513 /* ProfileView.swift in Sources */ = {isa = PBXBuildFile; fileRef = FB279DA72AFD590000531513 /* ProfileView.swift */; };
		FB2A23092AFF419600A39812 /* RoadToBotton.swift in Sources */ = {isa = PBXBuildFile; fileRef = FB2A23082AFF419600A39812 /* RoadToBotton.swift */; };
		FB2A230B2AFF4C4100A39812 /* Mentoria.swift in Sources */ = {isa = PBXBuildFile; fileRef = FB2A230A2AFF4C4100A39812 /* Mentoria.swift */; };
		FB2A230E2B004CC800A39812 /* MainProfile.swift in Sources */ = {isa = PBXBuildFile; fileRef = FB2A230D2B004CC800A39812 /* MainProfile.swift */; };
		FB2A23102B004D9700A39812 /* ProfileModel.swift in Sources */ = {isa = PBXBuildFile; fileRef = FB2A230F2B004D9700A39812 /* ProfileModel.swift */; };
		FB2A23122B00515000A39812 /* Profile.swift in Sources */ = {isa = PBXBuildFile; fileRef = FB2A23112B00515000A39812 /* Profile.swift */; };
		FB4990522AFD6C5500BA4CB1 /* SearchBar.swift in Sources */ = {isa = PBXBuildFile; fileRef = FB4990512AFD6C5500BA4CB1 /* SearchBar.swift */; };
		FB4990542AFD6FCE00BA4CB1 /* Sidebar.swift in Sources */ = {isa = PBXBuildFile; fileRef = FB4990532AFD6FCE00BA4CB1 /* Sidebar.swift */; };
		FB5BA0042AFD4DFC00D94C7E /* FemCodingApp.swift in Sources */ = {isa = PBXBuildFile; fileRef = FB5BA0032AFD4DFC00D94C7E /* FemCodingApp.swift */; };
		FB5BA0062AFD4DFC00D94C7E /* ContentView.swift in Sources */ = {isa = PBXBuildFile; fileRef = FB5BA0052AFD4DFC00D94C7E /* ContentView.swift */; };
		FB5BA0082AFD4E0100D94C7E /* Assets.xcassets in Resources */ = {isa = PBXBuildFile; fileRef = FB5BA0072AFD4E0100D94C7E /* Assets.xcassets */; };
		FB5BA00B2AFD4E0100D94C7E /* Preview Assets.xcassets in Resources */ = {isa = PBXBuildFile; fileRef = FB5BA00A2AFD4E0100D94C7E /* Preview Assets.xcassets */; };
		FBBCEBB12B02A9F2006EEECC /* ProfileDani.swift in Sources */ = {isa = PBXBuildFile; fileRef = FBBCEBB02B02A9F2006EEECC /* ProfileDani.swift */; };
		FBBCEBB32B02BAC5006EEECC /* ProfileVale.swift in Sources */ = {isa = PBXBuildFile; fileRef = FBBCEBB22B02BAC5006EEECC /* ProfileVale.swift */; };
		FBBCEBB52B02BBE1006EEECC /* ButtonTag.swift in Sources */ = {isa = PBXBuildFile; fileRef = FBBCEBB42B02BBE1006EEECC /* ButtonTag.swift */; };
		FBBCEBB72B02BD15006EEECC /* TagListView.swift in Sources */ = {isa = PBXBuildFile; fileRef = FBBCEBB62B02BD15006EEECC /* TagListView.swift */; };
		FBC4D2812AFE265700F9958B /* UnderConstruction.swift in Sources */ = {isa = PBXBuildFile; fileRef = FBC4D2802AFE265700F9958B /* UnderConstruction.swift */; };
		FBE7596E2AFD500100075B44 /* AuthenticationView.swift in Sources */ = {isa = PBXBuildFile; fileRef = FBE7596D2AFD500100075B44 /* AuthenticationView.swift */; };
		FBE759702AFD500C00075B44 /* Login.swift in Sources */ = {isa = PBXBuildFile; fileRef = FBE7596F2AFD500C00075B44 /* Login.swift */; };
		FBE759722AFD502B00075B44 /* Register.swift in Sources */ = {isa = PBXBuildFile; fileRef = FBE759712AFD502A00075B44 /* Register.swift */; };
		FBE759742AFD503700075B44 /* Splash.swift in Sources */ = {isa = PBXBuildFile; fileRef = FBE759732AFD503700075B44 /* Splash.swift */; };
		FBE7597B2AFD508000075B44 /* Curriculum.swift in Sources */ = {isa = PBXBuildFile; fileRef = FBE7597A2AFD508000075B44 /* Curriculum.swift */; };
		FBE7597D2AFD508D00075B44 /* Entrevistas.swift in Sources */ = {isa = PBXBuildFile; fileRef = FBE7597C2AFD508D00075B44 /* Entrevistas.swift */; };
		FBE7597F2AFD509B00075B44 /* OfertaNegociacion.swift in Sources */ = {isa = PBXBuildFile; fileRef = FBE7597E2AFD509B00075B44 /* OfertaNegociacion.swift */; };
		FBE759812AFD50AA00075B44 /* RoadtoPrep.swift in Sources */ = {isa = PBXBuildFile; fileRef = FBE759802AFD50AA00075B44 /* RoadtoPrep.swift */; };
		FBE759832AFD546F00075B44 /* GeneralButton.swift in Sources */ = {isa = PBXBuildFile; fileRef = FBE759822AFD546F00075B44 /* GeneralButton.swift */; };
		FBE759862AFD548700075B44 /* GeneralPickerField.swift in Sources */ = {isa = PBXBuildFile; fileRef = FBE759852AFD548700075B44 /* GeneralPickerField.swift */; };
		FBE759882AFD549400075B44 /* GeneralTextField.swift in Sources */ = {isa = PBXBuildFile; fileRef = FBE759872AFD549400075B44 /* GeneralTextField.swift */; };
		FBE7598A2AFD54A100075B44 /* NavigationTabView.swift in Sources */ = {isa = PBXBuildFile; fileRef = FBE759892AFD54A100075B44 /* NavigationTabView.swift */; };
/* End PBXBuildFile section */

/* Begin PBXFileReference section */
		616832722AFDC8E800DADE95 /* HomeView.swift */ = {isa = PBXFileReference; lastKnownFileType = sourcecode.swift; path = HomeView.swift; sourceTree = "<group>"; };
		616832742AFDC8F600DADE95 /* HomeViewModel.swift */ = {isa = PBXFileReference; lastKnownFileType = sourcecode.swift; path = HomeViewModel.swift; sourceTree = "<group>"; };
		616832762AFDC90900DADE95 /* HomeModel.swift */ = {isa = PBXFileReference; lastKnownFileType = sourcecode.swift; path = HomeModel.swift; sourceTree = "<group>"; };
		616832782AFDC91300DADE95 /* Post.swift */ = {isa = PBXFileReference; lastKnownFileType = sourcecode.swift; path = Post.swift; sourceTree = "<group>"; };
		6168327E2AFDCAC100DADE95 /* TabStyleTiktok.swift */ = {isa = PBXFileReference; lastKnownFileType = sourcecode.swift; path = TabStyleTiktok.swift; sourceTree = "<group>"; };
		61CE9AA42B02089E001FCF8D /* TabMentoria.swift */ = {isa = PBXFileReference; lastKnownFileType = sourcecode.swift; path = TabMentoria.swift; sourceTree = "<group>"; };
		FB0726352B02119300B0ED61 /* InfoUser.swift */ = {isa = PBXFileReference; lastKnownFileType = sourcecode.swift; path = InfoUser.swift; sourceTree = "<group>"; };
		FB080F1E2B03719F00910E4A /* conductual.swift */ = {isa = PBXFileReference; lastKnownFileType = sourcecode.swift; path = conductual.swift; sourceTree = "<group>"; };
		FB080F202B0371AE00910E4A /* tecnica.swift */ = {isa = PBXFileReference; lastKnownFileType = sourcecode.swift; path = tecnica.swift; sourceTree = "<group>"; };
		FB22E24C2B01CFDB00A0A567 /* ChatMessage.swift */ = {isa = PBXFileReference; lastKnownFileType = sourcecode.swift; path = ChatMessage.swift; sourceTree = "<group>"; };
		FB22E24F2B01D03800A0A567 /* ContentViewModel.swift */ = {isa = PBXFileReference; lastKnownFileType = sourcecode.swift; path = ContentViewModel.swift; sourceTree = "<group>"; };
		FB22E2512B01D04B00A0A567 /* MessageOwner.swift */ = {isa = PBXFileReference; lastKnownFileType = sourcecode.swift; path = MessageOwner.swift; sourceTree = "<group>"; };
		FB22E2532B01D06300A0A567 /* ChatView.swift */ = {isa = PBXFileReference; lastKnownFileType = sourcecode.swift; path = ChatView.swift; sourceTree = "<group>"; };
		FB279DA52AFD587800531513 /* Events.swift */ = {isa = PBXFileReference; lastKnownFileType = sourcecode.swift; path = Events.swift; sourceTree = "<group>"; };
		FB279DA72AFD590000531513 /* ProfileView.swift */ = {isa = PBXFileReference; lastKnownFileType = sourcecode.swift; path = ProfileView.swift; sourceTree = "<group>"; };
		FB2A23082AFF419600A39812 /* RoadToBotton.swift */ = {isa = PBXFileReference; lastKnownFileType = sourcecode.swift; path = RoadToBotton.swift; sourceTree = "<group>"; };
		FB2A230A2AFF4C4100A39812 /* Mentoria.swift */ = {isa = PBXFileReference; lastKnownFileType = sourcecode.swift; path = Mentoria.swift; sourceTree = "<group>"; };
		FB2A230D2B004CC800A39812 /* MainProfile.swift */ = {isa = PBXFileReference; lastKnownFileType = sourcecode.swift; path = MainProfile.swift; sourceTree = "<group>"; };
		FB2A230F2B004D9700A39812 /* ProfileModel.swift */ = {isa = PBXFileReference; lastKnownFileType = sourcecode.swift; path = ProfileModel.swift; sourceTree = "<group>"; };
		FB2A23112B00515000A39812 /* Profile.swift */ = {isa = PBXFileReference; lastKnownFileType = sourcecode.swift; path = Profile.swift; sourceTree = "<group>"; };
		FB4990512AFD6C5500BA4CB1 /* SearchBar.swift */ = {isa = PBXFileReference; lastKnownFileType = sourcecode.swift; path = SearchBar.swift; sourceTree = "<group>"; };
		FB4990532AFD6FCE00BA4CB1 /* Sidebar.swift */ = {isa = PBXFileReference; lastKnownFileType = sourcecode.swift; path = Sidebar.swift; sourceTree = "<group>"; };
		FB5BA0002AFD4DFC00D94C7E /* FemCoding.app */ = {isa = PBXFileReference; explicitFileType = wrapper.application; includeInIndex = 0; path = FemCoding.app; sourceTree = BUILT_PRODUCTS_DIR; };
		FB5BA0032AFD4DFC00D94C7E /* FemCodingApp.swift */ = {isa = PBXFileReference; lastKnownFileType = sourcecode.swift; path = FemCodingApp.swift; sourceTree = "<group>"; };
		FB5BA0052AFD4DFC00D94C7E /* ContentView.swift */ = {isa = PBXFileReference; lastKnownFileType = sourcecode.swift; path = ContentView.swift; sourceTree = "<group>"; };
		FB5BA0072AFD4E0100D94C7E /* Assets.xcassets */ = {isa = PBXFileReference; lastKnownFileType = folder.assetcatalog; path = Assets.xcassets; sourceTree = "<group>"; };
		FB5BA00A2AFD4E0100D94C7E /* Preview Assets.xcassets */ = {isa = PBXFileReference; lastKnownFileType = folder.assetcatalog; path = "Preview Assets.xcassets"; sourceTree = "<group>"; };
		FBBCEBB02B02A9F2006EEECC /* ProfileDani.swift */ = {isa = PBXFileReference; lastKnownFileType = sourcecode.swift; path = ProfileDani.swift; sourceTree = "<group>"; };
		FBBCEBB22B02BAC5006EEECC /* ProfileVale.swift */ = {isa = PBXFileReference; lastKnownFileType = sourcecode.swift; path = ProfileVale.swift; sourceTree = "<group>"; };
		FBBCEBB42B02BBE1006EEECC /* ButtonTag.swift */ = {isa = PBXFileReference; lastKnownFileType = sourcecode.swift; path = ButtonTag.swift; sourceTree = "<group>"; };
		FBBCEBB62B02BD15006EEECC /* TagListView.swift */ = {isa = PBXFileReference; lastKnownFileType = sourcecode.swift; path = TagListView.swift; sourceTree = "<group>"; };
		FBC4D2802AFE265700F9958B /* UnderConstruction.swift */ = {isa = PBXFileReference; lastKnownFileType = sourcecode.swift; path = UnderConstruction.swift; sourceTree = "<group>"; };
		FBE7596D2AFD500100075B44 /* AuthenticationView.swift */ = {isa = PBXFileReference; lastKnownFileType = sourcecode.swift; path = AuthenticationView.swift; sourceTree = "<group>"; };
		FBE7596F2AFD500C00075B44 /* Login.swift */ = {isa = PBXFileReference; lastKnownFileType = sourcecode.swift; path = Login.swift; sourceTree = "<group>"; };
		FBE759712AFD502A00075B44 /* Register.swift */ = {isa = PBXFileReference; lastKnownFileType = sourcecode.swift; path = Register.swift; sourceTree = "<group>"; };
		FBE759732AFD503700075B44 /* Splash.swift */ = {isa = PBXFileReference; lastKnownFileType = sourcecode.swift; path = Splash.swift; sourceTree = "<group>"; };
		FBE7597A2AFD508000075B44 /* Curriculum.swift */ = {isa = PBXFileReference; lastKnownFileType = sourcecode.swift; path = Curriculum.swift; sourceTree = "<group>"; };
		FBE7597C2AFD508D00075B44 /* Entrevistas.swift */ = {isa = PBXFileReference; lastKnownFileType = sourcecode.swift; path = Entrevistas.swift; sourceTree = "<group>"; };
		FBE7597E2AFD509B00075B44 /* OfertaNegociacion.swift */ = {isa = PBXFileReference; lastKnownFileType = sourcecode.swift; path = OfertaNegociacion.swift; sourceTree = "<group>"; };
		FBE759802AFD50AA00075B44 /* RoadtoPrep.swift */ = {isa = PBXFileReference; lastKnownFileType = sourcecode.swift; path = RoadtoPrep.swift; sourceTree = "<group>"; };
		FBE759822AFD546F00075B44 /* GeneralButton.swift */ = {isa = PBXFileReference; lastKnownFileType = sourcecode.swift; path = GeneralButton.swift; sourceTree = "<group>"; };
		FBE759852AFD548700075B44 /* GeneralPickerField.swift */ = {isa = PBXFileReference; lastKnownFileType = sourcecode.swift; path = GeneralPickerField.swift; sourceTree = "<group>"; };
		FBE759872AFD549400075B44 /* GeneralTextField.swift */ = {isa = PBXFileReference; lastKnownFileType = sourcecode.swift; path = GeneralTextField.swift; sourceTree = "<group>"; };
		FBE759892AFD54A100075B44 /* NavigationTabView.swift */ = {isa = PBXFileReference; lastKnownFileType = sourcecode.swift; path = NavigationTabView.swift; sourceTree = "<group>"; };
/* End PBXFileReference section */

/* Begin PBXFrameworksBuildPhase section */
		FB5B9FFD2AFD4DFC00D94C7E /* Frameworks */ = {
			isa = PBXFrameworksBuildPhase;
			buildActionMask = 2147483647;
			files = (
				FB22E25A2B01D1B300A0A567 /* ChatGPTSwift in Frameworks */,
			);
			runOnlyForDeploymentPostprocessing = 0;
		};
/* End PBXFrameworksBuildPhase section */

/* Begin PBXGroup section */
		616832712AFDC8BB00DADE95 /* Home */ = {
			isa = PBXGroup;
			children = (
				616832722AFDC8E800DADE95 /* HomeView.swift */,
				616832742AFDC8F600DADE95 /* HomeViewModel.swift */,
				616832762AFDC90900DADE95 /* HomeModel.swift */,
				616832782AFDC91300DADE95 /* Post.swift */,
			);
			path = Home;
			sourceTree = "<group>";
		};
		FB22E24E2B01CFE000A0A567 /* Chat */ = {
			isa = PBXGroup;
			children = (
				FB22E24C2B01CFDB00A0A567 /* ChatMessage.swift */,
				FB22E24F2B01D03800A0A567 /* ContentViewModel.swift */,
				FB22E2512B01D04B00A0A567 /* MessageOwner.swift */,
				FB22E2532B01D06300A0A567 /* ChatView.swift */,
			);
			path = Chat;
			sourceTree = "<group>";
		};
		FB2A230C2B004C8500A39812 /* Profile */ = {
			isa = PBXGroup;
			children = (
				FB279DA72AFD590000531513 /* ProfileView.swift */,
				FBBCEBB02B02A9F2006EEECC /* ProfileDani.swift */,
				FB2A230D2B004CC800A39812 /* MainProfile.swift */,
				FB2A230F2B004D9700A39812 /* ProfileModel.swift */,
				FBBCEBB22B02BAC5006EEECC /* ProfileVale.swift */,
				FB2A23112B00515000A39812 /* Profile.swift */,
			);
			path = Profile;
			sourceTree = "<group>";
		};
		FB5B9FF72AFD4DFC00D94C7E = {
			isa = PBXGroup;
			children = (
				FB22E24E2B01CFE000A0A567 /* Chat */,
				FB2A230C2B004C8500A39812 /* Profile */,
				616832712AFDC8BB00DADE95 /* Home */,
				FB5BA0022AFD4DFC00D94C7E /* FemCoding */,
				FB5BA0012AFD4DFC00D94C7E /* Products */,
			);
			sourceTree = "<group>";
		};
		FB5BA0012AFD4DFC00D94C7E /* Products */ = {
			isa = PBXGroup;
			children = (
				FB5BA0002AFD4DFC00D94C7E /* FemCoding.app */,
			);
			name = Products;
			sourceTree = "<group>";
		};
		FB5BA0022AFD4DFC00D94C7E /* FemCoding */ = {
			isa = PBXGroup;
			children = (
				FB5BA0032AFD4DFC00D94C7E /* FemCodingApp.swift */,
				FB279DA52AFD587800531513 /* Events.swift */,
				FBC4D2802AFE265700F9958B /* UnderConstruction.swift */,
				FB4990532AFD6FCE00BA4CB1 /* Sidebar.swift */,
				FB4990512AFD6C5500BA4CB1 /* SearchBar.swift */,
				FBE7596D2AFD500100075B44 /* AuthenticationView.swift */,
				FBE759842AFD547300075B44 /* Components */,
				FBE7596F2AFD500C00075B44 /* Login.swift */,
				FBE759712AFD502A00075B44 /* Register.swift */,
				FBE759732AFD503700075B44 /* Splash.swift */,
				FBE759772AFD505400075B44 /* RoadToPrep */,
				FB5BA0052AFD4DFC00D94C7E /* ContentView.swift */,
				FB5BA0072AFD4E0100D94C7E /* Assets.xcassets */,
				FB5BA0092AFD4E0100D94C7E /* Preview Content */,
			);
			path = FemCoding;
			sourceTree = "<group>";
		};
		FB5BA0092AFD4E0100D94C7E /* Preview Content */ = {
			isa = PBXGroup;
			children = (
				FB5BA00A2AFD4E0100D94C7E /* Preview Assets.xcassets */,
			);
			path = "Preview Content";
			sourceTree = "<group>";
		};
		FBE759772AFD505400075B44 /* RoadToPrep */ = {
			isa = PBXGroup;
			children = (
				FBE7597A2AFD508000075B44 /* Curriculum.swift */,
				FBE7597C2AFD508D00075B44 /* Entrevistas.swift */,
				FB080F1E2B03719F00910E4A /* conductual.swift */,
				FBE7597E2AFD509B00075B44 /* OfertaNegociacion.swift */,
				FBE759802AFD50AA00075B44 /* RoadtoPrep.swift */,
				FB2A230A2AFF4C4100A39812 /* Mentoria.swift */,
				FB080F202B0371AE00910E4A /* tecnica.swift */,
			);
			path = RoadToPrep;
			sourceTree = "<group>";
		};
		FBE759842AFD547300075B44 /* Components */ = {
			isa = PBXGroup;
			children = (
				FBE759822AFD546F00075B44 /* GeneralButton.swift */,
				FBE759852AFD548700075B44 /* GeneralPickerField.swift */,
				FBE759872AFD549400075B44 /* GeneralTextField.swift */,
				FBE759892AFD54A100075B44 /* NavigationTabView.swift */,
				6168327E2AFDCAC100DADE95 /* TabStyleTiktok.swift */,
				61CE9AA42B02089E001FCF8D /* TabMentoria.swift */,
				FBBCEBB62B02BD15006EEECC /* TagListView.swift */,
				FB2A23082AFF419600A39812 /* RoadToBotton.swift */,
				FB0726352B02119300B0ED61 /* InfoUser.swift */,
				FBBCEBB42B02BBE1006EEECC /* ButtonTag.swift */,
			);
			path = Components;
			sourceTree = "<group>";
		};
/* End PBXGroup section */

/* Begin PBXNativeTarget section */
		FB5B9FFF2AFD4DFC00D94C7E /* FemCoding */ = {
			isa = PBXNativeTarget;
			buildConfigurationList = FB5BA00E2AFD4E0100D94C7E /* Build configuration list for PBXNativeTarget "FemCoding" */;
			buildPhases = (
				FB5B9FFC2AFD4DFC00D94C7E /* Sources */,
				FB5B9FFD2AFD4DFC00D94C7E /* Frameworks */,
				FB5B9FFE2AFD4DFC00D94C7E /* Resources */,
			);
			buildRules = (
			);
			dependencies = (
			);
			name = FemCoding;
			packageProductDependencies = (
				FB22E2592B01D1B300A0A567 /* ChatGPTSwift */,
			);
			productName = FemCoding;
			productReference = FB5BA0002AFD4DFC00D94C7E /* FemCoding.app */;
			productType = "com.apple.product-type.application";
		};
/* End PBXNativeTarget section */

/* Begin PBXProject section */
		FB5B9FF82AFD4DFC00D94C7E /* Project object */ = {
			isa = PBXProject;
			attributes = {
				BuildIndependentTargetsInParallel = 1;
				LastSwiftUpdateCheck = 1430;
				LastUpgradeCheck = 1430;
				TargetAttributes = {
					FB5B9FFF2AFD4DFC00D94C7E = {
						CreatedOnToolsVersion = 14.3.1;
					};
				};
			};
			buildConfigurationList = FB5B9FFB2AFD4DFC00D94C7E /* Build configuration list for PBXProject "FemCoding" */;
			compatibilityVersion = "Xcode 14.0";
			developmentRegion = en;
			hasScannedForEncodings = 0;
			knownRegions = (
				en,
				Base,
			);
			mainGroup = FB5B9FF72AFD4DFC00D94C7E;
			packageReferences = (
				FB22E2582B01D1B300A0A567 /* XCRemoteSwiftPackageReference "ChatGPTSwift" */,
			);
			productRefGroup = FB5BA0012AFD4DFC00D94C7E /* Products */;
			projectDirPath = "";
			projectRoot = "";
			targets = (
				FB5B9FFF2AFD4DFC00D94C7E /* FemCoding */,
			);
		};
/* End PBXProject section */

/* Begin PBXResourcesBuildPhase section */
		FB5B9FFE2AFD4DFC00D94C7E /* Resources */ = {
			isa = PBXResourcesBuildPhase;
			buildActionMask = 2147483647;
			files = (
				FB5BA00B2AFD4E0100D94C7E /* Preview Assets.xcassets in Resources */,
				FB5BA0082AFD4E0100D94C7E /* Assets.xcassets in Resources */,
			);
			runOnlyForDeploymentPostprocessing = 0;
		};
/* End PBXResourcesBuildPhase section */

/* Begin PBXSourcesBuildPhase section */
		FB5B9FFC2AFD4DFC00D94C7E /* Sources */ = {
			isa = PBXSourcesBuildPhase;
			buildActionMask = 2147483647;
			files = (
				FB2A230B2AFF4C4100A39812 /* Mentoria.swift in Sources */,
				FBE7597D2AFD508D00075B44 /* Entrevistas.swift in Sources */,
				FB2A23122B00515000A39812 /* Profile.swift in Sources */,
				FB5BA0062AFD4DFC00D94C7E /* ContentView.swift in Sources */,
				FB22E2542B01D06300A0A567 /* ChatView.swift in Sources */,
				FBBCEBB12B02A9F2006EEECC /* ProfileDani.swift in Sources */,
				FB2A230E2B004CC800A39812 /* MainProfile.swift in Sources */,
				FB5BA0042AFD4DFC00D94C7E /* FemCodingApp.swift in Sources */,
				FBBCEBB52B02BBE1006EEECC /* ButtonTag.swift in Sources */,
				FBC4D2812AFE265700F9958B /* UnderConstruction.swift in Sources */,
				FBBCEBB72B02BD15006EEECC /* TagListView.swift in Sources */,
				FB080F212B0371AE00910E4A /* tecnica.swift in Sources */,
				FBE7597F2AFD509B00075B44 /* OfertaNegociacion.swift in Sources */,
				FBE7598A2AFD54A100075B44 /* NavigationTabView.swift in Sources */,
				FB279DA62AFD587800531513 /* Events.swift in Sources */,
				FBE759832AFD546F00075B44 /* GeneralButton.swift in Sources */,
				FBE759862AFD548700075B44 /* GeneralPickerField.swift in Sources */,
				FBE759882AFD549400075B44 /* GeneralTextField.swift in Sources */,
				FB22E24D2B01CFDB00A0A567 /* ChatMessage.swift in Sources */,
				FBE7597B2AFD508000075B44 /* Curriculum.swift in Sources */,
				FBE7596E2AFD500100075B44 /* AuthenticationView.swift in Sources */,
				FBE759702AFD500C00075B44 /* Login.swift in Sources */,
				FB080F1F2B03719F00910E4A /* conductual.swift in Sources */,
				FB2A23102B004D9700A39812 /* ProfileModel.swift in Sources */,
				FBE759742AFD503700075B44 /* Splash.swift in Sources */,
				FB279DA82AFD590000531513 /* ProfileView.swift in Sources */,
				FB4990522AFD6C5500BA4CB1 /* SearchBar.swift in Sources */,
				616832752AFDC8F600DADE95 /* HomeViewModel.swift in Sources */,
				6168327F2AFDCAC100DADE95 /* TabStyleTiktok.swift in Sources */,
				FBE759722AFD502B00075B44 /* Register.swift in Sources */,
				FB22E2502B01D03800A0A567 /* ContentViewModel.swift in Sources */,
				FBBCEBB32B02BAC5006EEECC /* ProfileVale.swift in Sources */,
				FB4990542AFD6FCE00BA4CB1 /* Sidebar.swift in Sources */,
				616832732AFDC8E800DADE95 /* HomeView.swift in Sources */,
				61CE9AA52B02089E001FCF8D /* TabMentoria.swift in Sources */,
				616832772AFDC90900DADE95 /* HomeModel.swift in Sources */,
				FB0726362B02119400B0ED61 /* InfoUser.swift in Sources */,
				FB2A23092AFF419600A39812 /* RoadToBotton.swift in Sources */,
				FB22E2522B01D04B00A0A567 /* MessageOwner.swift in Sources */,
				616832792AFDC91300DADE95 /* Post.swift in Sources */,
				FBE759812AFD50AA00075B44 /* RoadtoPrep.swift in Sources */,
			);
			runOnlyForDeploymentPostprocessing = 0;
		};
/* End PBXSourcesBuildPhase section */

/* Begin XCBuildConfiguration section */
		FB5BA00C2AFD4E0100D94C7E /* Debug */ = {
			isa = XCBuildConfiguration;
			buildSettings = {
				ALWAYS_SEARCH_USER_PATHS = NO;
				CLANG_ANALYZER_NONNULL = YES;
				CLANG_ANALYZER_NUMBER_OBJECT_CONVERSION = YES_AGGRESSIVE;
				CLANG_CXX_LANGUAGE_STANDARD = "gnu++20";
				CLANG_ENABLE_MODULES = YES;
				CLANG_ENABLE_OBJC_ARC = YES;
				CLANG_ENABLE_OBJC_WEAK = YES;
				CLANG_WARN_BLOCK_CAPTURE_AUTORELEASING = YES;
				CLANG_WARN_BOOL_CONVERSION = YES;
				CLANG_WARN_COMMA = YES;
				CLANG_WARN_CONSTANT_CONVERSION = YES;
				CLANG_WARN_DEPRECATED_OBJC_IMPLEMENTATIONS = YES;
				CLANG_WARN_DIRECT_OBJC_ISA_USAGE = YES_ERROR;
				CLANG_WARN_DOCUMENTATION_COMMENTS = YES;
				CLANG_WARN_EMPTY_BODY = YES;
				CLANG_WARN_ENUM_CONVERSION = YES;
				CLANG_WARN_INFINITE_RECURSION = YES;
				CLANG_WARN_INT_CONVERSION = YES;
				CLANG_WARN_NON_LITERAL_NULL_CONVERSION = YES;
				CLANG_WARN_OBJC_IMPLICIT_RETAIN_SELF = YES;
				CLANG_WARN_OBJC_LITERAL_CONVERSION = YES;
				CLANG_WARN_OBJC_ROOT_CLASS = YES_ERROR;
				CLANG_WARN_QUOTED_INCLUDE_IN_FRAMEWORK_HEADER = YES;
				CLANG_WARN_RANGE_LOOP_ANALYSIS = YES;
				CLANG_WARN_STRICT_PROTOTYPES = YES;
				CLANG_WARN_SUSPICIOUS_MOVE = YES;
				CLANG_WARN_UNGUARDED_AVAILABILITY = YES_AGGRESSIVE;
				CLANG_WARN_UNREACHABLE_CODE = YES;
				CLANG_WARN__DUPLICATE_METHOD_MATCH = YES;
				COPY_PHASE_STRIP = NO;
				DEBUG_INFORMATION_FORMAT = dwarf;
				ENABLE_STRICT_OBJC_MSGSEND = YES;
				ENABLE_TESTABILITY = YES;
				GCC_C_LANGUAGE_STANDARD = gnu11;
				GCC_DYNAMIC_NO_PIC = NO;
				GCC_NO_COMMON_BLOCKS = YES;
				GCC_OPTIMIZATION_LEVEL = 0;
				GCC_PREPROCESSOR_DEFINITIONS = (
					"DEBUG=1",
					"$(inherited)",
				);
				GCC_WARN_64_TO_32_BIT_CONVERSION = YES;
				GCC_WARN_ABOUT_RETURN_TYPE = YES_ERROR;
				GCC_WARN_UNDECLARED_SELECTOR = YES;
				GCC_WARN_UNINITIALIZED_AUTOS = YES_AGGRESSIVE;
				GCC_WARN_UNUSED_FUNCTION = YES;
				GCC_WARN_UNUSED_VARIABLE = YES;
				IPHONEOS_DEPLOYMENT_TARGET = 16.4;
				MTL_ENABLE_DEBUG_INFO = INCLUDE_SOURCE;
				MTL_FAST_MATH = YES;
				ONLY_ACTIVE_ARCH = YES;
				SDKROOT = iphoneos;
				SWIFT_ACTIVE_COMPILATION_CONDITIONS = DEBUG;
				SWIFT_OPTIMIZATION_LEVEL = "-Onone";
			};
			name = Debug;
		};
		FB5BA00D2AFD4E0100D94C7E /* Release */ = {
			isa = XCBuildConfiguration;
			buildSettings = {
				ALWAYS_SEARCH_USER_PATHS = NO;
				CLANG_ANALYZER_NONNULL = YES;
				CLANG_ANALYZER_NUMBER_OBJECT_CONVERSION = YES_AGGRESSIVE;
				CLANG_CXX_LANGUAGE_STANDARD = "gnu++20";
				CLANG_ENABLE_MODULES = YES;
				CLANG_ENABLE_OBJC_ARC = YES;
				CLANG_ENABLE_OBJC_WEAK = YES;
				CLANG_WARN_BLOCK_CAPTURE_AUTORELEASING = YES;
				CLANG_WARN_BOOL_CONVERSION = YES;
				CLANG_WARN_COMMA = YES;
				CLANG_WARN_CONSTANT_CONVERSION = YES;
				CLANG_WARN_DEPRECATED_OBJC_IMPLEMENTATIONS = YES;
				CLANG_WARN_DIRECT_OBJC_ISA_USAGE = YES_ERROR;
				CLANG_WARN_DOCUMENTATION_COMMENTS = YES;
				CLANG_WARN_EMPTY_BODY = YES;
				CLANG_WARN_ENUM_CONVERSION = YES;
				CLANG_WARN_INFINITE_RECURSION = YES;
				CLANG_WARN_INT_CONVERSION = YES;
				CLANG_WARN_NON_LITERAL_NULL_CONVERSION = YES;
				CLANG_WARN_OBJC_IMPLICIT_RETAIN_SELF = YES;
				CLANG_WARN_OBJC_LITERAL_CONVERSION = YES;
				CLANG_WARN_OBJC_ROOT_CLASS = YES_ERROR;
				CLANG_WARN_QUOTED_INCLUDE_IN_FRAMEWORK_HEADER = YES;
				CLANG_WARN_RANGE_LOOP_ANALYSIS = YES;
				CLANG_WARN_STRICT_PROTOTYPES = YES;
				CLANG_WARN_SUSPICIOUS_MOVE = YES;
				CLANG_WARN_UNGUARDED_AVAILABILITY = YES_AGGRESSIVE;
				CLANG_WARN_UNREACHABLE_CODE = YES;
				CLANG_WARN__DUPLICATE_METHOD_MATCH = YES;
				COPY_PHASE_STRIP = NO;
				DEBUG_INFORMATION_FORMAT = "dwarf-with-dsym";
				ENABLE_NS_ASSERTIONS = NO;
				ENABLE_STRICT_OBJC_MSGSEND = YES;
				GCC_C_LANGUAGE_STANDARD = gnu11;
				GCC_NO_COMMON_BLOCKS = YES;
				GCC_WARN_64_TO_32_BIT_CONVERSION = YES;
				GCC_WARN_ABOUT_RETURN_TYPE = YES_ERROR;
				GCC_WARN_UNDECLARED_SELECTOR = YES;
				GCC_WARN_UNINITIALIZED_AUTOS = YES_AGGRESSIVE;
				GCC_WARN_UNUSED_FUNCTION = YES;
				GCC_WARN_UNUSED_VARIABLE = YES;
				IPHONEOS_DEPLOYMENT_TARGET = 16.4;
				MTL_ENABLE_DEBUG_INFO = NO;
				MTL_FAST_MATH = YES;
				SDKROOT = iphoneos;
				SWIFT_COMPILATION_MODE = wholemodule;
				SWIFT_OPTIMIZATION_LEVEL = "-O";
				VALIDATE_PRODUCT = YES;
			};
			name = Release;
		};
		FB5BA00F2AFD4E0100D94C7E /* Debug */ = {
			isa = XCBuildConfiguration;
			buildSettings = {
				ASSETCATALOG_COMPILER_APPICON_NAME = AppIcon;
				ASSETCATALOG_COMPILER_GLOBAL_ACCENT_COLOR_NAME = AccentColor;
				CODE_SIGN_STYLE = Automatic;
				CURRENT_PROJECT_VERSION = 1;
				DEVELOPMENT_ASSET_PATHS = "\"FemCoding/Preview Content\"";
				DEVELOPMENT_TEAM = Y4M8Q7FFFV;
				ENABLE_PREVIEWS = YES;
				GENERATE_INFOPLIST_FILE = YES;
				INFOPLIST_KEY_UIApplicationSceneManifest_Generation = YES;
				INFOPLIST_KEY_UIApplicationSupportsIndirectInputEvents = YES;
				INFOPLIST_KEY_UILaunchScreen_Generation = YES;
				INFOPLIST_KEY_UISupportedInterfaceOrientations_iPad = "UIInterfaceOrientationPortrait UIInterfaceOrientationPortraitUpsideDown UIInterfaceOrientationLandscapeLeft UIInterfaceOrientationLandscapeRight";
				INFOPLIST_KEY_UISupportedInterfaceOrientations_iPhone = "UIInterfaceOrientationPortrait UIInterfaceOrientationLandscapeLeft UIInterfaceOrientationLandscapeRight";
				LD_RUNPATH_SEARCH_PATHS = (
					"$(inherited)",
					"@executable_path/Frameworks",
				);
				MARKETING_VERSION = 1.0;
				PRODUCT_BUNDLE_IDENTIFIER = ITESM.FemCoding;
				PRODUCT_NAME = "$(TARGET_NAME)";
				SWIFT_EMIT_LOC_STRINGS = YES;
				SWIFT_VERSION = 5.0;
				TARGETED_DEVICE_FAMILY = "1,2";
			};
			name = Debug;
		};
		FB5BA0102AFD4E0100D94C7E /* Release */ = {
			isa = XCBuildConfiguration;
			buildSettings = {
				ASSETCATALOG_COMPILER_APPICON_NAME = AppIcon;
				ASSETCATALOG_COMPILER_GLOBAL_ACCENT_COLOR_NAME = AccentColor;
				CODE_SIGN_STYLE = Automatic;
				CURRENT_PROJECT_VERSION = 1;
				DEVELOPMENT_ASSET_PATHS = "\"FemCoding/Preview Content\"";
				DEVELOPMENT_TEAM = Y4M8Q7FFFV;
				ENABLE_PREVIEWS = YES;
				GENERATE_INFOPLIST_FILE = YES;
				INFOPLIST_KEY_UIApplicationSceneManifest_Generation = YES;
				INFOPLIST_KEY_UIApplicationSupportsIndirectInputEvents = YES;
				INFOPLIST_KEY_UILaunchScreen_Generation = YES;
				INFOPLIST_KEY_UISupportedInterfaceOrientations_iPad = "UIInterfaceOrientationPortrait UIInterfaceOrientationPortraitUpsideDown UIInterfaceOrientationLandscapeLeft UIInterfaceOrientationLandscapeRight";
				INFOPLIST_KEY_UISupportedInterfaceOrientations_iPhone = "UIInterfaceOrientationPortrait UIInterfaceOrientationLandscapeLeft UIInterfaceOrientationLandscapeRight";
				LD_RUNPATH_SEARCH_PATHS = (
					"$(inherited)",
					"@executable_path/Frameworks",
				);
				MARKETING_VERSION = 1.0;
				PRODUCT_BUNDLE_IDENTIFIER = ITESM.FemCoding;
				PRODUCT_NAME = "$(TARGET_NAME)";
				SWIFT_EMIT_LOC_STRINGS = YES;
				SWIFT_VERSION = 5.0;
				TARGETED_DEVICE_FAMILY = "1,2";
			};
			name = Release;
		};
/* End XCBuildConfiguration section */

/* Begin XCConfigurationList section */
		FB5B9FFB2AFD4DFC00D94C7E /* Build configuration list for PBXProject "FemCoding" */ = {
			isa = XCConfigurationList;
			buildConfigurations = (
				FB5BA00C2AFD4E0100D94C7E /* Debug */,
				FB5BA00D2AFD4E0100D94C7E /* Release */,
			);
			defaultConfigurationIsVisible = 0;
			defaultConfigurationName = Release;
		};
		FB5BA00E2AFD4E0100D94C7E /* Build configuration list for PBXNativeTarget "FemCoding" */ = {
			isa = XCConfigurationList;
			buildConfigurations = (
				FB5BA00F2AFD4E0100D94C7E /* Debug */,
				FB5BA0102AFD4E0100D94C7E /* Release */,
			);
			defaultConfigurationIsVisible = 0;
			defaultConfigurationName = Release;
		};
/* End XCConfigurationList section */

/* Begin XCRemoteSwiftPackageReference section */
		FB22E2582B01D1B300A0A567 /* XCRemoteSwiftPackageReference "ChatGPTSwift" */ = {
			isa = XCRemoteSwiftPackageReference;
			repositoryURL = "https://github.com/alfianlosari/ChatGPTSwift";
			requirement = {
				kind = upToNextMajorVersion;
				minimumVersion = 1.0.0;
			};
		};
/* End XCRemoteSwiftPackageReference section */

/* Begin XCSwiftPackageProductDependency section */
		FB22E2592B01D1B300A0A567 /* ChatGPTSwift */ = {
			isa = XCSwiftPackageProductDependency;
			package = FB22E2582B01D1B300A0A567 /* XCRemoteSwiftPackageReference "ChatGPTSwift" */;
			productName = ChatGPTSwift;
		};
/* End XCSwiftPackageProductDependency section */
	};
	rootObject = FB5B9FF82AFD4DFC00D94C7E /* Project object */;
}
